// !$*UTF8*$!
{
	archiveVersion = 1;
	classes = {
	};
	objectVersion = 46;
	objects = {

/* Begin PBXBuildFile section */
		4512407C195E9C0E00B6198A /* Cocoa.framework in Frameworks */ = {isa = PBXBuildFile; fileRef = 4512407B195E9C0E00B6198A /* Cocoa.framework */; };
		45124086195E9C0E00B6198A /* InfoPlist.strings in Resources */ = {isa = PBXBuildFile; fileRef = 45124084195E9C0E00B6198A /* InfoPlist.strings */; };
		45124088195E9C0E00B6198A /* main.m in Sources */ = {isa = PBXBuildFile; fileRef = 45124087195E9C0E00B6198A /* main.m */; };
		4512408C195E9C0E00B6198A /* Credits.rtf in Resources */ = {isa = PBXBuildFile; fileRef = 4512408A195E9C0E00B6198A /* Credits.rtf */; };
		4512408F195E9C0E00B6198A /* AppDelegate.m in Sources */ = {isa = PBXBuildFile; fileRef = 4512408E195E9C0E00B6198A /* AppDelegate.m */; };
		45124092195E9C0E00B6198A /* MainMenu.xib in Resources */ = {isa = PBXBuildFile; fileRef = 45124090195E9C0E00B6198A /* MainMenu.xib */; };
		45124094195E9C0E00B6198A /* Images.xcassets in Resources */ = {isa = PBXBuildFile; fileRef = 45124093195E9C0E00B6198A /* Images.xcassets */; };
		4512409B195E9C0E00B6198A /* XCTest.framework in Frameworks */ = {isa = PBXBuildFile; fileRef = 4512409A195E9C0E00B6198A /* XCTest.framework */; };
		4512409C195E9C0E00B6198A /* Cocoa.framework in Frameworks */ = {isa = PBXBuildFile; fileRef = 4512407B195E9C0E00B6198A /* Cocoa.framework */; };
		451240A4195E9C0E00B6198A /* InfoPlist.strings in Resources */ = {isa = PBXBuildFile; fileRef = 451240A2195E9C0E00B6198A /* InfoPlist.strings */; };
		451240A6195E9C0E00B6198A /* Tester1Tests.m in Sources */ = {isa = PBXBuildFile; fileRef = 451240A5195E9C0E00B6198A /* Tester1Tests.m */; };
		451240B1195E9C1800B6198A /* AppKitSanitizer.framework in Frameworks */ = {isa = PBXBuildFile; fileRef = 451240AF195E9C1800B6198A /* AppKitSanitizer.framework */; };
		451240B2195E9C1800B6198A /* FoundationExtras.framework in Frameworks */ = {isa = PBXBuildFile; fileRef = 451240B0195E9C1800B6198A /* FoundationExtras.framework */; };
/* End PBXBuildFile section */

/* Begin PBXContainerItemProxy section */
		4512409D195E9C0E00B6198A /* PBXContainerItemProxy */ = {
			isa = PBXContainerItemProxy;
			containerPortal = 45124070195E9C0E00B6198A /* Project object */;
			proxyType = 1;
			remoteGlobalIDString = 45124077195E9C0E00B6198A;
			remoteInfo = Tester1;
		};
/* End PBXContainerItemProxy section */

/* Begin PBXFileReference section */
		45124078195E9C0E00B6198A /* Tester1.app */ = {isa = PBXFileReference; explicitFileType = wrapper.application; includeInIndex = 0; path = Tester1.app; sourceTree = BUILT_PRODUCTS_DIR; };
		4512407B195E9C0E00B6198A /* Cocoa.framework */ = {isa = PBXFileReference; lastKnownFileType = wrapper.framework; name = Cocoa.framework; path = System/Library/Frameworks/Cocoa.framework; sourceTree = SDKROOT; };
		4512407E195E9C0E00B6198A /* AppKit.framework */ = {isa = PBXFileReference; lastKnownFileType = wrapper.framework; name = AppKit.framework; path = System/Library/Frameworks/AppKit.framework; sourceTree = SDKROOT; };
		4512407F195E9C0E00B6198A /* CoreData.framework */ = {isa = PBXFileReference; lastKnownFileType = wrapper.framework; name = CoreData.framework; path = System/Library/Frameworks/CoreData.framework; sourceTree = SDKROOT; };
		45124080195E9C0E00B6198A /* Foundation.framework */ = {isa = PBXFileReference; lastKnownFileType = wrapper.framework; name = Foundation.framework; path = System/Library/Frameworks/Foundation.framework; sourceTree = SDKROOT; };
		45124083195E9C0E00B6198A /* Tester1-Info.plist */ = {isa = PBXFileReference; lastKnownFileType = text.plist.xml; path = "Tester1-Info.plist"; sourceTree = "<group>"; };
		45124085195E9C0E00B6198A /* en */ = {isa = PBXFileReference; lastKnownFileType = text.plist.strings; name = en; path = en.lproj/InfoPlist.strings; sourceTree = "<group>"; };
		45124087195E9C0E00B6198A /* main.m */ = {isa = PBXFileReference; lastKnownFileType = sourcecode.c.objc; path = main.m; sourceTree = "<group>"; };
		45124089195E9C0E00B6198A /* Tester1-Prefix.pch */ = {isa = PBXFileReference; lastKnownFileType = sourcecode.c.h; path = "Tester1-Prefix.pch"; sourceTree = "<group>"; };
		4512408B195E9C0E00B6198A /* en */ = {isa = PBXFileReference; lastKnownFileType = text.rtf; name = en; path = en.lproj/Credits.rtf; sourceTree = "<group>"; };
		4512408D195E9C0E00B6198A /* AppDelegate.h */ = {isa = PBXFileReference; lastKnownFileType = sourcecode.c.h; path = AppDelegate.h; sourceTree = "<group>"; };
		4512408E195E9C0E00B6198A /* AppDelegate.m */ = {isa = PBXFileReference; lastKnownFileType = sourcecode.c.objc; path = AppDelegate.m; sourceTree = "<group>"; };
		45124091195E9C0E00B6198A /* Base */ = {isa = PBXFileReference; lastKnownFileType = file.xib; name = Base; path = Base.lproj/MainMenu.xib; sourceTree = "<group>"; };
		45124093195E9C0E00B6198A /* Images.xcassets */ = {isa = PBXFileReference; lastKnownFileType = folder.assetcatalog; path = Images.xcassets; sourceTree = "<group>"; };
		45124099195E9C0E00B6198A /* Tester1Tests.xctest */ = {isa = PBXFileReference; explicitFileType = wrapper.cfbundle; includeInIndex = 0; path = Tester1Tests.xctest; sourceTree = BUILT_PRODUCTS_DIR; };
		4512409A195E9C0E00B6198A /* XCTest.framework */ = {isa = PBXFileReference; lastKnownFileType = wrapper.framework; name = XCTest.framework; path = Library/Frameworks/XCTest.framework; sourceTree = DEVELOPER_DIR; };
		451240A1195E9C0E00B6198A /* Tester1Tests-Info.plist */ = {isa = PBXFileReference; lastKnownFileType = text.plist.xml; path = "Tester1Tests-Info.plist"; sourceTree = "<group>"; };
		451240A3195E9C0E00B6198A /* en */ = {isa = PBXFileReference; lastKnownFileType = text.plist.strings; name = en; path = en.lproj/InfoPlist.strings; sourceTree = "<group>"; };
		451240A5195E9C0E00B6198A /* Tester1Tests.m */ = {isa = PBXFileReference; lastKnownFileType = sourcecode.c.objc; path = Tester1Tests.m; sourceTree = "<group>"; };
		451240AF195E9C1800B6198A /* AppKitSanitizer.framework */ = {isa = PBXFileReference; lastKnownFileType = wrapper.framework; name = AppKitSanitizer.framework; path = "../../../../Library/Developer/Xcode/DerivedData/Common-dnnqetmiddtmachdnrsjhqnjlcjz/Build/Products/Debug/AppKitSanitizer.framework"; sourceTree = "<group>"; };
		451240B0195E9C1800B6198A /* FoundationExtras.framework */ = {isa = PBXFileReference; lastKnownFileType = wrapper.framework; name = FoundationExtras.framework; path = ../FoundationExtras/build/Debug/FoundationExtras.framework; sourceTree = "<group>"; };
/* End PBXFileReference section */

/* Begin PBXFrameworksBuildPhase section */
		45124075195E9C0E00B6198A /* Frameworks */ = {
			isa = PBXFrameworksBuildPhase;
			buildActionMask = 2147483647;
			files = (
				451240B1195E9C1800B6198A /* AppKitSanitizer.framework in Frameworks */,
				451240B2195E9C1800B6198A /* FoundationExtras.framework in Frameworks */,
				4512407C195E9C0E00B6198A /* Cocoa.framework in Frameworks */,
			);
			runOnlyForDeploymentPostprocessing = 0;
		};
		45124096195E9C0E00B6198A /* Frameworks */ = {
			isa = PBXFrameworksBuildPhase;
			buildActionMask = 2147483647;
			files = (
				4512409C195E9C0E00B6198A /* Cocoa.framework in Frameworks */,
				4512409B195E9C0E00B6198A /* XCTest.framework in Frameworks */,
			);
			runOnlyForDeploymentPostprocessing = 0;
		};
/* End PBXFrameworksBuildPhase section */

/* Begin PBXGroup section */
		4512406F195E9C0E00B6198A = {
			isa = PBXGroup;
			children = (
				45124081195E9C0E00B6198A /* Tester1 */,
				4512409F195E9C0E00B6198A /* Tester1Tests */,
				4512407A195E9C0E00B6198A /* Frameworks */,
				45124079195E9C0E00B6198A /* Products */,
			);
			sourceTree = "<group>";
		};
		45124079195E9C0E00B6198A /* Products */ = {
			isa = PBXGroup;
			children = (
				45124078195E9C0E00B6198A /* Tester1.app */,
				45124099195E9C0E00B6198A /* Tester1Tests.xctest */,
			);
			name = Products;
			sourceTree = "<group>";
		};
		4512407A195E9C0E00B6198A /* Frameworks */ = {
			isa = PBXGroup;
			children = (
				451240AF195E9C1800B6198A /* AppKitSanitizer.framework */,
				451240B0195E9C1800B6198A /* FoundationExtras.framework */,
				4512407B195E9C0E00B6198A /* Cocoa.framework */,
				4512409A195E9C0E00B6198A /* XCTest.framework */,
				4512407D195E9C0E00B6198A /* Other Frameworks */,
			);
			name = Frameworks;
			sourceTree = "<group>";
		};
		4512407D195E9C0E00B6198A /* Other Frameworks */ = {
			isa = PBXGroup;
			children = (
				4512407E195E9C0E00B6198A /* AppKit.framework */,
				4512407F195E9C0E00B6198A /* CoreData.framework */,
				45124080195E9C0E00B6198A /* Foundation.framework */,
			);
			name = "Other Frameworks";
			sourceTree = "<group>";
		};
		45124081195E9C0E00B6198A /* Tester1 */ = {
			isa = PBXGroup;
			children = (
				4512408D195E9C0E00B6198A /* AppDelegate.h */,
				4512408E195E9C0E00B6198A /* AppDelegate.m */,
				45124090195E9C0E00B6198A /* MainMenu.xib */,
				45124093195E9C0E00B6198A /* Images.xcassets */,
				45124082195E9C0E00B6198A /* Supporting Files */,
			);
			path = Tester1;
			sourceTree = "<group>";
		};
		45124082195E9C0E00B6198A /* Supporting Files */ = {
			isa = PBXGroup;
			children = (
				45124083195E9C0E00B6198A /* Tester1-Info.plist */,
				45124084195E9C0E00B6198A /* InfoPlist.strings */,
				45124087195E9C0E00B6198A /* main.m */,
				45124089195E9C0E00B6198A /* Tester1-Prefix.pch */,
				4512408A195E9C0E00B6198A /* Credits.rtf */,
			);
			name = "Supporting Files";
			sourceTree = "<group>";
		};
		4512409F195E9C0E00B6198A /* Tester1Tests */ = {
			isa = PBXGroup;
			children = (
				451240A5195E9C0E00B6198A /* Tester1Tests.m */,
				451240A0195E9C0E00B6198A /* Supporting Files */,
			);
			path = Tester1Tests;
			sourceTree = "<group>";
		};
		451240A0195E9C0E00B6198A /* Supporting Files */ = {
			isa = PBXGroup;
			children = (
				451240A1195E9C0E00B6198A /* Tester1Tests-Info.plist */,
				451240A2195E9C0E00B6198A /* InfoPlist.strings */,
			);
			name = "Supporting Files";
			sourceTree = "<group>";
		};
/* End PBXGroup section */

/* Begin PBXNativeTarget section */
		45124077195E9C0E00B6198A /* Tester1 */ = {
			isa = PBXNativeTarget;
			buildConfigurationList = 451240A9195E9C0E00B6198A /* Build configuration list for PBXNativeTarget "Tester1" */;
			buildPhases = (
				45124074195E9C0E00B6198A /* Sources */,
				45124075195E9C0E00B6198A /* Frameworks */,
				45124076195E9C0E00B6198A /* Resources */,
			);
			buildRules = (
			);
			dependencies = (
			);
			name = Tester1;
			productName = Tester1;
			productReference = 45124078195E9C0E00B6198A /* Tester1.app */;
			productType = "com.apple.product-type.application";
		};
		45124098195E9C0E00B6198A /* Tester1Tests */ = {
			isa = PBXNativeTarget;
			buildConfigurationList = 451240AC195E9C0E00B6198A /* Build configuration list for PBXNativeTarget "Tester1Tests" */;
			buildPhases = (
				45124095195E9C0E00B6198A /* Sources */,
				45124096195E9C0E00B6198A /* Frameworks */,
				45124097195E9C0E00B6198A /* Resources */,
			);
			buildRules = (
			);
			dependencies = (
				4512409E195E9C0E00B6198A /* PBXTargetDependency */,
			);
			name = Tester1Tests;
			productName = Tester1Tests;
			productReference = 45124099195E9C0E00B6198A /* Tester1Tests.xctest */;
			productType = "com.apple.product-type.bundle.unit-test";
		};
/* End PBXNativeTarget section */

/* Begin PBXProject section */
		45124070195E9C0E00B6198A /* Project object */ = {
			isa = PBXProject;
			attributes = {
				LastUpgradeCheck = 0510;
				ORGANIZATIONNAME = Eonil;
				TargetAttributes = {
					45124098195E9C0E00B6198A = {
						TestTargetID = 45124077195E9C0E00B6198A;
					};
				};
			};
			buildConfigurationList = 45124073195E9C0E00B6198A /* Build configuration list for PBXProject "Tester1" */;
			compatibilityVersion = "Xcode 3.2";
			developmentRegion = English;
			hasScannedForEncodings = 0;
			knownRegions = (
				en,
				Base,
			);
			mainGroup = 4512406F195E9C0E00B6198A;
			productRefGroup = 45124079195E9C0E00B6198A /* Products */;
			projectDirPath = "";
			projectRoot = "";
			targets = (
				45124077195E9C0E00B6198A /* Tester1 */,
				45124098195E9C0E00B6198A /* Tester1Tests */,
			);
		};
/* End PBXProject section */

/* Begin PBXResourcesBuildPhase section */
		45124076195E9C0E00B6198A /* Resources */ = {
			isa = PBXResourcesBuildPhase;
			buildActionMask = 2147483647;
			files = (
				45124086195E9C0E00B6198A /* InfoPlist.strings in Resources */,
				45124094195E9C0E00B6198A /* Images.xcassets in Resources */,
				4512408C195E9C0E00B6198A /* Credits.rtf in Resources */,
				45124092195E9C0E00B6198A /* MainMenu.xib in Resources */,
			);
			runOnlyForDeploymentPostprocessing = 0;
		};
		45124097195E9C0E00B6198A /* Resources */ = {
			isa = PBXResourcesBuildPhase;
			buildActionMask = 2147483647;
			files = (
				451240A4195E9C0E00B6198A /* InfoPlist.strings in Resources */,
			);
			runOnlyForDeploymentPostprocessing = 0;
		};
/* End PBXResourcesBuildPhase section */

/* Begin PBXSourcesBuildPhase section */
		45124074195E9C0E00B6198A /* Sources */ = {
			isa = PBXSourcesBuildPhase;
			buildActionMask = 2147483647;
			files = (
				4512408F195E9C0E00B6198A /* AppDelegate.m in Sources */,
				45124088195E9C0E00B6198A /* main.m in Sources */,
			);
			runOnlyForDeploymentPostprocessing = 0;
		};
		45124095195E9C0E00B6198A /* Sources */ = {
			isa = PBXSourcesBuildPhase;
			buildActionMask = 2147483647;
			files = (
				451240A6195E9C0E00B6198A /* Tester1Tests.m in Sources */,
			);
			runOnlyForDeploymentPostprocessing = 0;
		};
/* End PBXSourcesBuildPhase section */

/* Begin PBXTargetDependency section */
		4512409E195E9C0E00B6198A /* PBXTargetDependency */ = {
			isa = PBXTargetDependency;
			target = 45124077195E9C0E00B6198A /* Tester1 */;
			targetProxy = 4512409D195E9C0E00B6198A /* PBXContainerItemProxy */;
		};
/* End PBXTargetDependency section */

/* Begin PBXVariantGroup section */
		45124084195E9C0E00B6198A /* InfoPlist.strings */ = {
			isa = PBXVariantGroup;
			children = (
				45124085195E9C0E00B6198A /* en */,
			);
			name = InfoPlist.strings;
			sourceTree = "<group>";
		};
		4512408A195E9C0E00B6198A /* Credits.rtf */ = {
			isa = PBXVariantGroup;
			children = (
				4512408B195E9C0E00B6198A /* en */,
			);
			name = Credits.rtf;
			sourceTree = "<group>";
		};
		45124090195E9C0E00B6198A /* MainMenu.xib */ = {
			isa = PBXVariantGroup;
			children = (
				45124091195E9C0E00B6198A /* Base */,
			);
			name = MainMenu.xib;
			sourceTree = "<group>";
		};
		451240A2195E9C0E00B6198A /* InfoPlist.strings */ = {
			isa = PBXVariantGroup;
			children = (
				451240A3195E9C0E00B6198A /* en */,
			);
			name = InfoPlist.strings;
			sourceTree = "<group>";
		};
/* End PBXVariantGroup section */

/* Begin XCBuildConfiguration section */
		451240A7195E9C0E00B6198A /* Debug */ = {
			isa = XCBuildConfiguration;
			buildSettings = {
				ALWAYS_SEARCH_USER_PATHS = NO;
				CLANG_CXX_LANGUAGE_STANDARD = "gnu++0x";
				CLANG_CXX_LIBRARY = "libc++";
				CLANG_ENABLE_MODULES = YES;
				CLANG_ENABLE_OBJC_ARC = YES;
				CLANG_WARN_BOOL_CONVERSION = YES;
				CLANG_WARN_CONSTANT_CONVERSION = YES;
				CLANG_WARN_DIRECT_OBJC_ISA_USAGE = YES_ERROR;
				CLANG_WARN_EMPTY_BODY = YES;
				CLANG_WARN_ENUM_CONVERSION = YES;
				CLANG_WARN_INT_CONVERSION = YES;
				CLANG_WARN_OBJC_ROOT_CLASS = YES_ERROR;
				CLANG_WARN__DUPLICATE_METHOD_MATCH = YES;
				COPY_PHASE_STRIP = NO;
				GCC_C_LANGUAGE_STANDARD = gnu99;
				GCC_DYNAMIC_NO_PIC = NO;
				GCC_ENABLE_OBJC_EXCEPTIONS = YES;
				GCC_OPTIMIZATION_LEVEL = 0;
				GCC_PREPROCESSOR_DEFINITIONS = (
					"DEBUG=1",
					"$(inherited)",
				);
				GCC_SYMBOLS_PRIVATE_EXTERN = NO;
				GCC_WARN_64_TO_32_BIT_CONVERSION = YES;
				GCC_WARN_ABOUT_RETURN_TYPE = YES_ERROR;
				GCC_WARN_UNDECLARED_SELECTOR = YES;
				GCC_WARN_UNINITIALIZED_AUTOS = YES_AGGRESSIVE;
				GCC_WARN_UNUSED_FUNCTION = YES;
				GCC_WARN_UNUSED_VARIABLE = YES;
				MACOSX_DEPLOYMENT_TARGET = 10.9;
				ONLY_ACTIVE_ARCH = YES;
				SDKROOT = macosx;
			};
			name = Debug;
		};
		451240A8195E9C0E00B6198A /* Release */ = {
			isa = XCBuildConfiguration;
			buildSettings = {
				ALWAYS_SEARCH_USER_PATHS = NO;
				CLANG_CXX_LANGUAGE_STANDARD = "gnu++0x";
				CLANG_CXX_LIBRARY = "libc++";
				CLANG_ENABLE_MODULES = YES;
				CLANG_ENABLE_OBJC_ARC = YES;
				CLANG_WARN_BOOL_CONVERSION = YES;
				CLANG_WARN_CONSTANT_CONVERSION = YES;
				CLANG_WARN_DIRECT_OBJC_ISA_USAGE = YES_ERROR;
				CLANG_WARN_EMPTY_BODY = YES;
				CLANG_WARN_ENUM_CONVERSION = YES;
				CLANG_WARN_INT_CONVERSION = YES;
				CLANG_WARN_OBJC_ROOT_CLASS = YES_ERROR;
				CLANG_WARN__DUPLICATE_METHOD_MATCH = YES;
				COPY_PHASE_STRIP = YES;
				DEBUG_INFORMATION_FORMAT = "dwarf-with-dsym";
				ENABLE_NS_ASSERTIONS = NO;
				GCC_C_LANGUAGE_STANDARD = gnu99;
				GCC_ENABLE_OBJC_EXCEPTIONS = YES;
				GCC_WARN_64_TO_32_BIT_CONVERSION = YES;
				GCC_WARN_ABOUT_RETURN_TYPE = YES_ERROR;
				GCC_WARN_UNDECLARED_SELECTOR = YES;
				GCC_WARN_UNINITIALIZED_AUTOS = YES_AGGRESSIVE;
				GCC_WARN_UNUSED_FUNCTION = YES;
				GCC_WARN_UNUSED_VARIABLE = YES;
				MACOSX_DEPLOYMENT_TARGET = 10.9;
				SDKROOT = macosx;
			};
			name = Release;
		};
		451240AA195E9C0E00B6198A /* Debug */ = {
			isa = XCBuildConfiguration;
			buildSettings = {
				ASSETCATALOG_COMPILER_APPICON_NAME = AppIcon;
				COMBINE_HIDPI_IMAGES = YES;
				GCC_PRECOMPILE_PREFIX_HEADER = YES;
				GCC_PREFIX_HEADER = "Tester1/Tester1-Prefix.pch";
				INFOPLIST_FILE = "Tester1/Tester1-Info.plist";
				PRODUCT_NAME = "$(TARGET_NAME)";
				WRAPPER_EXTENSION = app;
			};
			name = Debug;
		};
		451240AB195E9C0E00B6198A /* Release */ = {
			isa = XCBuildConfiguration;
			buildSettings = {
				ASSETCATALOG_COMPILER_APPICON_NAME = AppIcon;
				COMBINE_HIDPI_IMAGES = YES;
				GCC_PRECOMPILE_PREFIX_HEADER = YES;
				GCC_PREFIX_HEADER = "Tester1/Tester1-Prefix.pch";
				INFOPLIST_FILE = "Tester1/Tester1-Info.plist";
				PRODUCT_NAME = "$(TARGET_NAME)";
				WRAPPER_EXTENSION = app;
			};
			name = Release;
		};
		451240AD195E9C0E00B6198A /* Debug */ = {
			isa = XCBuildConfiguration;
			buildSettings = {
				BUNDLE_LOADER = "$(BUILT_PRODUCTS_DIR)/Tester1.app/Contents/MacOS/Tester1";
				COMBINE_HIDPI_IMAGES = YES;
				FRAMEWORK_SEARCH_PATHS = (
					"$(DEVELOPER_FRAMEWORKS_DIR)",
					"$(inherited)",
				);
				GCC_PRECOMPILE_PREFIX_HEADER = YES;
				GCC_PREFIX_HEADER = "Tester1/Tester1-Prefix.pch";
				GCC_PREPROCESSOR_DEFINITIONS = (
					"DEBUG=1",
					"$(inherited)",
				);
				INFOPLIST_FILE = "Tester1Tests/Tester1Tests-Info.plist";
				PRODUCT_NAME = "$(TARGET_NAME)";
				TEST_HOST = "$(BUNDLE_LOADER)";
				WRAPPER_EXTENSION = xctest;
			};
			name = Debug;
		};
		451240AE195E9C0E00B6198A /* Release */ = {
			isa = XCBuildConfiguration;
			buildSettings = {
				BUNDLE_LOADER = "$(BUILT_PRODUCTS_DIR)/Tester1.app/Contents/MacOS/Tester1";
				COMBINE_HIDPI_IMAGES = YES;
				FRAMEWORK_SEARCH_PATHS = (
					"$(DEVELOPER_FRAMEWORKS_DIR)",
					"$(inherited)",
				);
				GCC_PRECOMPILE_PREFIX_HEADER = YES;
				GCC_PREFIX_HEADER = "Tester1/Tester1-Prefix.pch";
				INFOPLIST_FILE = "Tester1Tests/Tester1Tests-Info.plist";
				PRODUCT_NAME = "$(TARGET_NAME)";
				TEST_HOST = "$(BUNDLE_LOADER)";
				WRAPPER_EXTENSION = xctest;
			};
			name = Release;
		};
/* End XCBuildConfiguration section */

/* Begin XCConfigurationList section */
		45124073195E9C0E00B6198A /* Build configuration list for PBXProject "Tester1" */ = {
			isa = XCConfigurationList;
			buildConfigurations = (
				451240A7195E9C0E00B6198A /* Debug */,
				451240A8195E9C0E00B6198A /* Release */,
			);
			defaultConfigurationIsVisible = 0;
			defaultConfigurationName = Release;
		};
		451240A9195E9C0E00B6198A /* Build configuration list for PBXNativeTarget "Tester1" */ = {
			isa = XCConfigurationList;
			buildConfigurations = (
				451240AA195E9C0E00B6198A /* Debug */,
				451240AB195E9C0E00B6198A /* Release */,
			);
			defaultConfigurationIsVisible = 0;
			defaultConfigurationName = Release;
		};
		451240AC195E9C0E00B6198A /* Build configuration list for PBXNativeTarget "Tester1Tests" */ = {
			isa = XCConfigurationList;
			buildConfigurations = (
				451240AD195E9C0E00B6198A /* Debug */,
				451240AE195E9C0E00B6198A /* Release */,
			);
			defaultConfigurationIsVisible = 0;
			defaultConfigurationName = Release;
		};
/* End XCConfigurationList section */
	};
	rootObject = 45124070195E9C0E00B6198A /* Project object */;
}
